// !$*UTF8*$!
{
	archiveVersion = 1;
	classes = {
	};
	objectVersion = 77;
	objects = {

/* Begin PBXBuildFile section */
		0313659249D2A7A4F56EBBD1 /* ChatDetailExampleController.swift in Sources */ = {isa = PBXBuildFile; fileRef = 4FCF5A3C4057F95C955313DC /* ChatDetailExampleController.swift */; };
		2460C7100EF7948C8D6DDB57 /* CrystalUI in Frameworks */ = {isa = PBXBuildFile; productRef = 168B3163F191F53BC7712E7A /* CrystalUI */; };
		31C76CD054820E4DCD5E1255 /* ShowcaseDemoControllers.swift in Sources */ = {isa = PBXBuildFile; fileRef = 5220221CC3BAF59E918E63B9 /* ShowcaseDemoControllers.swift */; };
		38D5EB265EDF1E51D52D192D /* OtherExampleControllers.swift in Sources */ = {isa = PBXBuildFile; fileRef = 4767295FBEA5AC5E7765A8A9 /* OtherExampleControllers.swift */; };
		3FFEE5E6C4D39454DF5AAA14 /* ShowcaseSceneDelegate.swift in Sources */ = {isa = PBXBuildFile; fileRef = 2E54A49EB19B4DF6EF7E85EA /* ShowcaseSceneDelegate.swift */; };
		41C43241AE1620FC8A0606FF /* AppDelegate.swift in Sources */ = {isa = PBXBuildFile; fileRef = A263B39369367A3901B6B7C0 /* AppDelegate.swift */; };
		67F868D818DE9331D00ED8D4 /* StickerPackModalController.swift in Sources */ = {isa = PBXBuildFile; fileRef = FB8523E6133EF543AAF18D19 /* StickerPackModalController.swift */; };
		85832E9EB068A8B91FE8D8CF /* CrystalUI in Frameworks */ = {isa = PBXBuildFile; productRef = DE84E8C9EFA75757CBA85F05 /* CrystalUI */; };
		AC88DDA5C7A1AF78D816D392 /* SceneDelegate.swift in Sources */ = {isa = PBXBuildFile; fileRef = 67979B086750BD69A85512EA /* SceneDelegate.swift */; };
		B48B045944A8D7A98293591F /* ShowcaseAppDelegate.swift in Sources */ = {isa = PBXBuildFile; fileRef = 6832AA72CE6A04F8CA09ECC2 /* ShowcaseAppDelegate.swift */; };
		DA959375CAC0ECFF630F6A27 /* ChatListExampleController.swift in Sources */ = {isa = PBXBuildFile; fileRef = C7A6CB89EFD36D1AD1E7E228 /* ChatListExampleController.swift */; };
		F31777F1267E57763A01C9D5 /* ShowcaseGlassDemos.swift in Sources */ = {isa = PBXBuildFile; fileRef = 6E2CEE69827AF78B4DCE5ABF /* ShowcaseGlassDemos.swift */; };
		F48DAA9463CDAD7AB3431B95 /* ShowcaseHomeController.swift in Sources */ = {isa = PBXBuildFile; fileRef = C5DC50837DA7DB2DD17C56BF /* ShowcaseHomeController.swift */; };
/* End PBXBuildFile section */

/* Begin PBXFileReference section */
		2E54A49EB19B4DF6EF7E85EA /* ShowcaseSceneDelegate.swift */ = {isa = PBXFileReference; lastKnownFileType = sourcecode.swift; path = ShowcaseSceneDelegate.swift; sourceTree = "<group>"; };
		4767295FBEA5AC5E7765A8A9 /* OtherExampleControllers.swift */ = {isa = PBXFileReference; lastKnownFileType = sourcecode.swift; path = OtherExampleControllers.swift; sourceTree = "<group>"; };
		4FCF5A3C4057F95C955313DC /* ChatDetailExampleController.swift */ = {isa = PBXFileReference; lastKnownFileType = sourcecode.swift; path = ChatDetailExampleController.swift; sourceTree = "<group>"; };
		5220221CC3BAF59E918E63B9 /* ShowcaseDemoControllers.swift */ = {isa = PBXFileReference; lastKnownFileType = sourcecode.swift; path = ShowcaseDemoControllers.swift; sourceTree = "<group>"; };
		67979B086750BD69A85512EA /* SceneDelegate.swift */ = {isa = PBXFileReference; lastKnownFileType = sourcecode.swift; path = SceneDelegate.swift; sourceTree = "<group>"; };
		6832AA72CE6A04F8CA09ECC2 /* ShowcaseAppDelegate.swift */ = {isa = PBXFileReference; lastKnownFileType = sourcecode.swift; path = ShowcaseAppDelegate.swift; sourceTree = "<group>"; };
		6E2CEE69827AF78B4DCE5ABF /* ShowcaseGlassDemos.swift */ = {isa = PBXFileReference; lastKnownFileType = sourcecode.swift; path = ShowcaseGlassDemos.swift; sourceTree = "<group>"; };
		8F23D033EDBF5E7D2A1F1B97 /* distracted-varahamihira-a41bb9 */ = {isa = PBXFileReference; lastKnownFileType = folder; name = "distracted-varahamihira-a41bb9"; path = ..; sourceTree = SOURCE_ROOT; };
		A263B39369367A3901B6B7C0 /* AppDelegate.swift */ = {isa = PBXFileReference; lastKnownFileType = sourcecode.swift; path = AppDelegate.swift; sourceTree = "<group>"; };
		A70CCE019BA3AE518E7FE7F3 /* Info.plist */ = {isa = PBXFileReference; lastKnownFileType = text.plist; path = Info.plist; sourceTree = "<group>"; };
		AF990EAAEBDE00F908EE46B8 /* Info.plist */ = {isa = PBXFileReference; lastKnownFileType = text.plist; path = Info.plist; sourceTree = "<group>"; };
		C5DC50837DA7DB2DD17C56BF /* ShowcaseHomeController.swift */ = {isa = PBXFileReference; lastKnownFileType = sourcecode.swift; path = ShowcaseHomeController.swift; sourceTree = "<group>"; };
		C7A6CB89EFD36D1AD1E7E228 /* ChatListExampleController.swift */ = {isa = PBXFileReference; lastKnownFileType = sourcecode.swift; path = ChatListExampleController.swift; sourceTree = "<group>"; };
		DF0BD18BD916ECDB7A099607 /* Showcase.app */ = {isa = PBXFileReference; includeInIndex = 0; lastKnownFileType = wrapper.application; path = Showcase.app; sourceTree = BUILT_PRODUCTS_DIR; };
		F6FE7BF0248FC2FF22A10D63 /* Example.app */ = {isa = PBXFileReference; includeInIndex = 0; lastKnownFileType = wrapper.application; path = Example.app; sourceTree = BUILT_PRODUCTS_DIR; };
		FB8523E6133EF543AAF18D19 /* StickerPackModalController.swift */ = {isa = PBXFileReference; lastKnownFileType = sourcecode.swift; path = StickerPackModalController.swift; sourceTree = "<group>"; };
/* End PBXFileReference section */

/* Begin PBXFrameworksBuildPhase section */
		36E37D217D614198212C3A37 /* Frameworks */ = {
			isa = PBXFrameworksBuildPhase;
			buildActionMask = 2147483647;
			files = (
				2460C7100EF7948C8D6DDB57 /* CrystalUI in Frameworks */,
			);
			runOnlyForDeploymentPostprocessing = 0;
		};
		6307F751410376D3AF6C5126 /* Frameworks */ = {
			isa = PBXFrameworksBuildPhase;
			buildActionMask = 2147483647;
			files = (
				85832E9EB068A8B91FE8D8CF /* CrystalUI in Frameworks */,
			);
			runOnlyForDeploymentPostprocessing = 0;
		};
/* End PBXFrameworksBuildPhase section */

/* Begin PBXGroup section */
		12B9A666C278AB8CB5B6FA33 /* Packages */ = {
			isa = PBXGroup;
			children = (
				8F23D033EDBF5E7D2A1F1B97 /* distracted-varahamihira-a41bb9 */,
			);
			name = Packages;
			sourceTree = "<group>";
		};
		3031F8ABC084F8D43CC56342 /* Products */ = {
			isa = PBXGroup;
			children = (
				F6FE7BF0248FC2FF22A10D63 /* Example.app */,
				DF0BD18BD916ECDB7A099607 /* Showcase.app */,
			);
			name = Products;
			sourceTree = "<group>";
		};
		4F160DA0426D18FD4DFD3610 /* Example */ = {
			isa = PBXGroup;
			children = (
				A263B39369367A3901B6B7C0 /* AppDelegate.swift */,
				4FCF5A3C4057F95C955313DC /* ChatDetailExampleController.swift */,
				C7A6CB89EFD36D1AD1E7E228 /* ChatListExampleController.swift */,
				A70CCE019BA3AE518E7FE7F3 /* Info.plist */,
				4767295FBEA5AC5E7765A8A9 /* OtherExampleControllers.swift */,
				67979B086750BD69A85512EA /* SceneDelegate.swift */,
				FB8523E6133EF543AAF18D19 /* StickerPackModalController.swift */,
			);
			path = Example;
			sourceTree = "<group>";
		};
		507F0BFC3D6E9840223362CB /* Showcase */ = {
			isa = PBXGroup;
			children = (
				AF990EAAEBDE00F908EE46B8 /* Info.plist */,
				6832AA72CE6A04F8CA09ECC2 /* ShowcaseAppDelegate.swift */,
				5220221CC3BAF59E918E63B9 /* ShowcaseDemoControllers.swift */,
				6E2CEE69827AF78B4DCE5ABF /* ShowcaseGlassDemos.swift */,
				C5DC50837DA7DB2DD17C56BF /* ShowcaseHomeController.swift */,
				2E54A49EB19B4DF6EF7E85EA /* ShowcaseSceneDelegate.swift */,
			);
			path = Showcase;
			sourceTree = "<group>";
		};
		54E0667A38E60354DB90F776 = {
			isa = PBXGroup;
			children = (
				4F160DA0426D18FD4DFD3610 /* Example */,
				12B9A666C278AB8CB5B6FA33 /* Packages */,
				507F0BFC3D6E9840223362CB /* Showcase */,
				3031F8ABC084F8D43CC56342 /* Products */,
			);
			sourceTree = "<group>";
		};
/* End PBXGroup section */

/* Begin PBXNativeTarget section */
		9878B5EABC7D83477291BAFC /* Example */ = {
			isa = PBXNativeTarget;
			buildConfigurationList = 2557384DB91FFBC8B78A3DC4 /* Build configuration list for PBXNativeTarget "Example" */;
			buildPhases = (
				111FF52307B445A964A77FE3 /* Sources */,
				6307F751410376D3AF6C5126 /* Frameworks */,
			);
			buildRules = (
			);
			dependencies = (
			);
			name = Example;
			packageProductDependencies = (
				DE84E8C9EFA75757CBA85F05 /* CrystalUI */,
			);
			productName = Example;
			productReference = F6FE7BF0248FC2FF22A10D63 /* Example.app */;
			productType = "com.apple.product-type.application";
		};
		AF7B460D32139ADE97D46242 /* Showcase */ = {
			isa = PBXNativeTarget;
			buildConfigurationList = 1E8F610001D382E809968EEF /* Build configuration list for PBXNativeTarget "Showcase" */;
			buildPhases = (
				09402BEBBCC1447F4D09100E /* Sources */,
				36E37D217D614198212C3A37 /* Frameworks */,
			);
			buildRules = (
			);
			dependencies = (
			);
			name = Showcase;
			packageProductDependencies = (
				168B3163F191F53BC7712E7A /* CrystalUI */,
			);
			productName = Showcase;
			productReference = DF0BD18BD916ECDB7A099607 /* Showcase.app */;
			productType = "com.apple.product-type.application";
		};
/* End PBXNativeTarget section */

/* Begin PBXProject section */
		CA8E1E974698BC95958F017F /* Project object */ = {
			isa = PBXProject;
			attributes = {
				BuildIndependentTargetsInParallel = YES;
				LastUpgradeCheck = 1430;
				TargetAttributes = {
					9878B5EABC7D83477291BAFC = {
						ProvisioningStyle = Automatic;
					};
					AF7B460D32139ADE97D46242 = {
						ProvisioningStyle = Automatic;
					};
				};
			};
			buildConfigurationList = 36FC72E69D906F48675C62BF /* Build configuration list for PBXProject "Example" */;
			developmentRegion = en;
			hasScannedForEncodings = 0;
			knownRegions = (
				Base,
				en,
			);
			mainGroup = 54E0667A38E60354DB90F776;
			minimizedProjectReferenceProxies = 1;
			packageReferences = (
				EB36D2EDE758B3E356946A77 /* XCLocalSwiftPackageReference "..//" */,
			);
			preferredProjectObjectVersion = 77;
			productRefGroup = 3031F8ABC084F8D43CC56342 /* Products */;
			projectDirPath = "";
			projectRoot = "";
			targets = (
				9878B5EABC7D83477291BAFC /* Example */,
				AF7B460D32139ADE97D46242 /* Showcase */,
			);
		};
/* End PBXProject section */

/* Begin PBXSourcesBuildPhase section */
		09402BEBBCC1447F4D09100E /* Sources */ = {
			isa = PBXSourcesBuildPhase;
			buildActionMask = 2147483647;
			files = (
				B48B045944A8D7A98293591F /* ShowcaseAppDelegate.swift in Sources */,
				31C76CD054820E4DCD5E1255 /* ShowcaseDemoControllers.swift in Sources */,
				F31777F1267E57763A01C9D5 /* ShowcaseGlassDemos.swift in Sources */,
				F48DAA9463CDAD7AB3431B95 /* ShowcaseHomeController.swift in Sources */,
				3FFEE5E6C4D39454DF5AAA14 /* ShowcaseSceneDelegate.swift in Sources */,
			);
			runOnlyForDeploymentPostprocessing = 0;
		};
		111FF52307B445A964A77FE3 /* Sources */ = {
			isa = PBXSourcesBuildPhase;
			buildActionMask = 2147483647;
			files = (
				41C43241AE1620FC8A0606FF /* AppDelegate.swift in Sources */,
				0313659249D2A7A4F56EBBD1 /* ChatDetailExampleController.swift in Sources */,
				DA959375CAC0ECFF630F6A27 /* ChatListExampleController.swift in Sources */,
				38D5EB265EDF1E51D52D192D /* OtherExampleControllers.swift in Sources */,
				AC88DDA5C7A1AF78D816D392 /* SceneDelegate.swift in Sources */,
				67F868D818DE9331D00ED8D4 /* StickerPackModalController.swift in Sources */,
			);
			runOnlyForDeploymentPostprocessing = 0;
		};
/* End PBXSourcesBuildPhase section */

/* Begin XCBuildConfiguration section */
		01BDE5D16E5AB366158ACFCB /* Debug */ = {
			isa = XCBuildConfiguration;
			buildSettings = {
				ASSETCATALOG_COMPILER_APPICON_NAME = AppIcon;
				CODE_SIGNING_ALLOWED = NO;
				CODE_SIGN_IDENTITY = "";
				CODE_SIGN_STYLE = Automatic;
				CURRENT_PROJECT_VERSION = 1;
				GENERATE_INFOPLIST_FILE = NO;
				INFOPLIST_FILE = Showcase/Info.plist;
				LD_RUNPATH_SEARCH_PATHS = (
					"$(inherited)",
					"@executable_path/Frameworks",
				);
				MARKETING_VERSION = 1.0;
				PRODUCT_BUNDLE_IDENTIFIER = com.telegramnavigationkit.showcase;
				SDKROOT = iphoneos;
				SWIFT_VERSION = 5.9;
				TARGETED_DEVICE_FAMILY = 1;
			};
			name = Debug;
		};
		398A5AFCD69E760DF19875AD /* Release */ = {
			isa = XCBuildConfiguration;
			buildSettings = {
				ALWAYS_SEARCH_USER_PATHS = NO;
				CLANG_ANALYZER_NONNULL = YES;
				CLANG_ANALYZER_NUMBER_OBJECT_CONVERSION = YES_AGGRESSIVE;
				CLANG_CXX_LANGUAGE_STANDARD = "gnu++14";
				CLANG_CXX_LIBRARY = "libc++";
				CLANG_ENABLE_MODULES = YES;
				CLANG_ENABLE_OBJC_ARC = YES;
				CLANG_ENABLE_OBJC_WEAK = YES;
				CLANG_WARN_BLOCK_CAPTURE_AUTORELEASING = YES;
				CLANG_WARN_BOOL_CONVERSION = YES;
				CLANG_WARN_COMMA = YES;
				CLANG_WARN_CONSTANT_CONVERSION = YES;
				CLANG_WARN_DEPRECATED_OBJC_IMPLEMENTATIONS = YES;
				CLANG_WARN_DIRECT_OBJC_ISA_USAGE = YES_ERROR;
				CLANG_WARN_DOCUMENTATION_COMMENTS = YES;
				CLANG_WARN_EMPTY_BODY = YES;
				CLANG_WARN_ENUM_CONVERSION = YES;
				CLANG_WARN_INFINITE_RECURSION = YES;
				CLANG_WARN_INT_CONVERSION = YES;
				CLANG_WARN_NON_LITERAL_NULL_CONVERSION = YES;
				CLANG_WARN_OBJC_IMPLICIT_RETAIN_SELF = YES;
				CLANG_WARN_OBJC_LITERAL_CONVERSION = YES;
				CLANG_WARN_OBJC_ROOT_CLASS = YES_ERROR;
				CLANG_WARN_QUOTED_INCLUDE_IN_FRAMEWORK_HEADER = YES;
				CLANG_WARN_RANGE_LOOP_ANALYSIS = YES;
				CLANG_WARN_STRICT_PROTOTYPES = YES;
				CLANG_WARN_SUSPICIOUS_MOVE = YES;
				CLANG_WARN_UNGUARDED_AVAILABILITY = YES_AGGRESSIVE;
				CLANG_WARN_UNREACHABLE_CODE = YES;
				CLANG_WARN__DUPLICATE_METHOD_MATCH = YES;
				COPY_PHASE_STRIP = NO;
				DEBUG_INFORMATION_FORMAT = "dwarf-with-dsym";
				ENABLE_NS_ASSERTIONS = NO;
				ENABLE_STRICT_OBJC_MSGSEND = YES;
				GCC_C_LANGUAGE_STANDARD = gnu11;
				GCC_NO_COMMON_BLOCKS = YES;
				GCC_WARN_64_TO_32_BIT_CONVERSION = YES;
				GCC_WARN_ABOUT_RETURN_TYPE = YES_ERROR;
				GCC_WARN_UNDECLARED_SELECTOR = YES;
				GCC_WARN_UNINITIALIZED_AUTOS = YES_AGGRESSIVE;
				GCC_WARN_UNUSED_FUNCTION = YES;
				GCC_WARN_UNUSED_VARIABLE = YES;
				IPHONEOS_DEPLOYMENT_TARGET = 15.0;
				MTL_ENABLE_DEBUG_INFO = NO;
				MTL_FAST_MATH = YES;
				PRODUCT_NAME = "$(TARGET_NAME)";
				SDKROOT = iphoneos;
				SWIFT_COMPILATION_MODE = wholemodule;
				SWIFT_OPTIMIZATION_LEVEL = "-O";
				SWIFT_VERSION = 5.0;
			};
			name = Release;
		};
		6ABAA1DE6625CDA89D5F4C14 /* Release */ = {
			isa = XCBuildConfiguration;
			buildSettings = {
				ASSETCATALOG_COMPILER_APPICON_NAME = AppIcon;
				CODE_SIGNING_ALLOWED = NO;
				CODE_SIGN_IDENTITY = "";
				CODE_SIGN_STYLE = Automatic;
				CURRENT_PROJECT_VERSION = 1;
				GENERATE_INFOPLIST_FILE = NO;
				INFOPLIST_FILE = Example/Info.plist;
				LD_RUNPATH_SEARCH_PATHS = (
					"$(inherited)",
					"@executable_path/Frameworks",
				);
				MARKETING_VERSION = 1.0;
				PRODUCT_BUNDLE_IDENTIFIER = com.telegramnavigationkit.example;
				SDKROOT = iphoneos;
				SWIFT_VERSION = 5.9;
				TARGETED_DEVICE_FAMILY = 1;
			};
			name = Release;
		};
		6F2752D853BD4392F414E20B /* Debug */ = {
			isa = XCBuildConfiguration;
			buildSettings = {
				ASSETCATALOG_COMPILER_APPICON_NAME = AppIcon;
				CODE_SIGNING_ALLOWED = NO;
				CODE_SIGN_IDENTITY = "";
				CODE_SIGN_STYLE = Automatic;
				CURRENT_PROJECT_VERSION = 1;
				GENERATE_INFOPLIST_FILE = NO;
				INFOPLIST_FILE = Example/Info.plist;
				LD_RUNPATH_SEARCH_PATHS = (
					"$(inherited)",
					"@executable_path/Frameworks",
				);
				MARKETING_VERSION = 1.0;
				PRODUCT_BUNDLE_IDENTIFIER = com.telegramnavigationkit.example;
				SDKROOT = iphoneos;
				SWIFT_VERSION = 5.9;
				TARGETED_DEVICE_FAMILY = 1;
			};
			name = Debug;
		};
		A9FF7A74AFBDDBC723A4AB3E /* Release */ = {
			isa = XCBuildConfiguration;
			buildSettings = {
				ASSETCATALOG_COMPILER_APPICON_NAME = AppIcon;
				CODE_SIGNING_ALLOWED = NO;
				CODE_SIGN_IDENTITY = "";
				CODE_SIGN_STYLE = Automatic;
				CURRENT_PROJECT_VERSION = 1;
				GENERATE_INFOPLIST_FILE = NO;
				INFOPLIST_FILE = Showcase/Info.plist;
				LD_RUNPATH_SEARCH_PATHS = (
					"$(inherited)",
					"@executable_path/Frameworks",
				);
				MARKETING_VERSION = 1.0;
				PRODUCT_BUNDLE_IDENTIFIER = com.telegramnavigationkit.showcase;
				SDKROOT = iphoneos;
				SWIFT_VERSION = 5.9;
				TARGETED_DEVICE_FAMILY = 1;
			};
			name = Release;
		};
		F92DAFD0CD6CB829E820A349 /* Debug */ = {
			isa = XCBuildConfiguration;
			buildSettings = {
				ALWAYS_SEARCH_USER_PATHS = NO;
				CLANG_ANALYZER_NONNULL = YES;
				CLANG_ANALYZER_NUMBER_OBJECT_CONVERSION = YES_AGGRESSIVE;
				CLANG_CXX_LANGUAGE_STANDARD = "gnu++14";
				CLANG_CXX_LIBRARY = "libc++";
				CLANG_ENABLE_MODULES = YES;
				CLANG_ENABLE_OBJC_ARC = YES;
				CLANG_ENABLE_OBJC_WEAK = YES;
				CLANG_WARN_BLOCK_CAPTURE_AUTORELEASING = YES;
				CLANG_WARN_BOOL_CONVERSION = YES;
				CLANG_WARN_COMMA = YES;
				CLANG_WARN_CONSTANT_CONVERSION = YES;
				CLANG_WARN_DEPRECATED_OBJC_IMPLEMENTATIONS = YES;
				CLANG_WARN_DIRECT_OBJC_ISA_USAGE = YES_ERROR;
				CLANG_WARN_DOCUMENTATION_COMMENTS = YES;
				CLANG_WARN_EMPTY_BODY = YES;
				CLANG_WARN_ENUM_CONVERSION = YES;
				CLANG_WARN_INFINITE_RECURSION = YES;
				CLANG_WARN_INT_CONVERSION = YES;
				CLANG_WARN_NON_LITERAL_NULL_CONVERSION = YES;
				CLANG_WARN_OBJC_IMPLICIT_RETAIN_SELF = YES;
				CLANG_WARN_OBJC_LITERAL_CONVERSION = YES;
				CLANG_WARN_OBJC_ROOT_CLASS = YES_ERROR;
				CLANG_WARN_QUOTED_INCLUDE_IN_FRAMEWORK_HEADER = YES;
				CLANG_WARN_RANGE_LOOP_ANALYSIS = YES;
				CLANG_WARN_STRICT_PROTOTYPES = YES;
				CLANG_WARN_SUSPICIOUS_MOVE = YES;
				CLANG_WARN_UNGUARDED_AVAILABILITY = YES_AGGRESSIVE;
				CLANG_WARN_UNREACHABLE_CODE = YES;
				CLANG_WARN__DUPLICATE_METHOD_MATCH = YES;
				COPY_PHASE_STRIP = NO;
				DEBUG_INFORMATION_FORMAT = dwarf;
				ENABLE_STRICT_OBJC_MSGSEND = YES;
				ENABLE_TESTABILITY = YES;
				GCC_C_LANGUAGE_STANDARD = gnu11;
				GCC_DYNAMIC_NO_PIC = NO;
				GCC_NO_COMMON_BLOCKS = YES;
				GCC_OPTIMIZATION_LEVEL = 0;
				GCC_PREPROCESSOR_DEFINITIONS = (
					"$(inherited)",
					"DEBUG=1",
				);
				GCC_WARN_64_TO_32_BIT_CONVERSION = YES;
				GCC_WARN_ABOUT_RETURN_TYPE = YES_ERROR;
				GCC_WARN_UNDECLARED_SELECTOR = YES;
				GCC_WARN_UNINITIALIZED_AUTOS = YES_AGGRESSIVE;
				GCC_WARN_UNUSED_FUNCTION = YES;
				GCC_WARN_UNUSED_VARIABLE = YES;
				IPHONEOS_DEPLOYMENT_TARGET = 15.0;
				MTL_ENABLE_DEBUG_INFO = INCLUDE_SOURCE;
				MTL_FAST_MATH = YES;
				ONLY_ACTIVE_ARCH = YES;
				PRODUCT_NAME = "$(TARGET_NAME)";
				SDKROOT = iphoneos;
				SWIFT_ACTIVE_COMPILATION_CONDITIONS = DEBUG;
				SWIFT_OPTIMIZATION_LEVEL = "-Onone";
				SWIFT_VERSION = 5.0;
			};
			name = Debug;
		};
/* End XCBuildConfiguration section */

/* Begin XCConfigurationList section */
		1E8F610001D382E809968EEF /* Build configuration list for PBXNativeTarget "Showcase" */ = {
			isa = XCConfigurationList;
			buildConfigurations = (
				01BDE5D16E5AB366158ACFCB /* Debug */,
				A9FF7A74AFBDDBC723A4AB3E /* Release */,
			);
			defaultConfigurationIsVisible = 0;
			defaultConfigurationName = Debug;
		};
		2557384DB91FFBC8B78A3DC4 /* Build configuration list for PBXNativeTarget "Example" */ = {
			isa = XCConfigurationList;
			buildConfigurations = (
				6F2752D853BD4392F414E20B /* Debug */,
				6ABAA1DE6625CDA89D5F4C14 /* Release */,
			);
			defaultConfigurationIsVisible = 0;
			defaultConfigurationName = Debug;
		};
		36FC72E69D906F48675C62BF /* Build configuration list for PBXProject "Example" */ = {
			isa = XCConfigurationList;
			buildConfigurations = (
				F92DAFD0CD6CB829E820A349 /* Debug */,
				398A5AFCD69E760DF19875AD /* Release */,
			);
			defaultConfigurationIsVisible = 0;
			defaultConfigurationName = Debug;
		};
/* End XCConfigurationList section */

/* Begin XCLocalSwiftPackageReference section */
		EB36D2EDE758B3E356946A77 /* XCLocalSwiftPackageReference "..//" */ = {
			isa = XCLocalSwiftPackageReference;
			relativePath = "..//";
		};
/* End XCLocalSwiftPackageReference section */

/* Begin XCSwiftPackageProductDependency section */
		168B3163F191F53BC7712E7A /* CrystalUI */ = {
			isa = XCSwiftPackageProductDependency;
			productName = CrystalUI;
		};
		DE84E8C9EFA75757CBA85F05 /* CrystalUI */ = {
			isa = XCSwiftPackageProductDependency;
			productName = CrystalUI;
		};
/* End XCSwiftPackageProductDependency section */
	};
	rootObject = CA8E1E974698BC95958F017F /* Project object */;
}
